
Microsoft Visual Studio Solution File, Format Version 12.00
# Visual Studio Version 17
VisualStudioVersion = 17.13.35825.156 d17.13
MinimumVisualStudioVersion = 10.0.40219.1
Project("{FAE04EC0-301F-11D3-BF4B-00C04F79EFBC}") = "Novella", "Novella\Novella.csproj", "{DDABBDFA-6E74-4D9D-912B-BE6F0A1233CE}"
EndProject
Global
	GlobalSection(SolutionConfigurationPlatforms) = preSolution
		Debug|Any CPU = Debug|Any CPU
		Release|Any CPU = Release|Any CPU
	EndGlobalSection
	GlobalSection(ProjectConfigurationPlatforms) = postSolution
		{DDABBDFA-6E74-4D9D-912B-BE6F0A1233CE}.Debug|Any CPU.ActiveCfg = Debug|Any CPU
		{DDABBDFA-6E74-4D9D-912B-BE6F0A1233CE}.Debug|Any CPU.Build.0 = Debug|Any CPU
		{DDABBDFA-6E74-4D9D-912B-BE6F0A1233CE}.Release|Any CPU.ActiveCfg = Release|Any CPU
		{DDABBDFA-6E74-4D9D-912B-BE6F0A1233CE}.Release|Any CPU.Build.0 = Release|Any CPU
	EndGlobalSection
	GlobalSection(SolutionProperties) = preSolution
		HideSolutionNode = FALSE
	EndGlobalSection
	GlobalSection(ExtensibilityGlobals) = postSolution
		SolutionGuid = {C161A531-0C6E-4CB6-9A09-A1BA6A258C89}
	EndGlobalSection
EndGlobal
